
Microsoft Visual Studio Solution File, Format Version 12.00
# Visual Studio Version 17
VisualStudioVersion = 17.5.002.0
MinimumVisualStudioVersion = 10.0.40219.1
Project("{9A19103F-16F7-4668-BE54-9A1E7A4F7556}") = "FourthSeminar", "FourthSeminar.csproj", "{F0DCF628-C102-4E4A-97C4-8DA16E7B24D4}"
EndProject
Global
	GlobalSection(SolutionConfigurationPlatforms) = preSolution
		Debug|Any CPU = Debug|Any CPU
		Release|Any CPU = Release|Any CPU
	EndGlobalSection
	GlobalSection(ProjectConfigurationPlatforms) = postSolution
		{F0DCF628-C102-4E4A-97C4-8DA16E7B24D4}.Debug|Any CPU.ActiveCfg = Debug|Any CPU
		{F0DCF628-C102-4E4A-97C4-8DA16E7B24D4}.Debug|Any CPU.Build.0 = Debug|Any CPU
		{F0DCF628-C102-4E4A-97C4-8DA16E7B24D4}.Release|Any CPU.ActiveCfg = Release|Any CPU
		{F0DCF628-C102-4E4A-97C4-8DA16E7B24D4}.Release|Any CPU.Build.0 = Release|Any CPU
	EndGlobalSection
	GlobalSection(SolutionProperties) = preSolution
		HideSolutionNode = FALSE
	EndGlobalSection
	GlobalSection(ExtensibilityGlobals) = postSolution
		SolutionGuid = {6CD42E2A-B70F-42A8-9D86-A446B98EEBB1}
	EndGlobalSection
EndGlobal
